// !$*UTF8*$!
{
	archiveVersion = 1;
	classes = {
	};
	objectVersion = 50;
	objects = {

/* Begin PBXBuildFile section */
		D03CF0122640E61900C00729 /* AppDelegate.swift in Sources */ = {isa = PBXBuildFile; fileRef = D03CF0112640E61900C00729 /* AppDelegate.swift */; };
		D03CF0142640E61900C00729 /* SceneDelegate.swift in Sources */ = {isa = PBXBuildFile; fileRef = D03CF0132640E61900C00729 /* SceneDelegate.swift */; };
		D03CF0162640E61900C00729 /* GamesViewController.swift in Sources */ = {isa = PBXBuildFile; fileRef = D03CF0152640E61900C00729 /* GamesViewController.swift */; };
		D03CF0192640E61900C00729 /* Main.storyboard in Resources */ = {isa = PBXBuildFile; fileRef = D03CF0172640E61900C00729 /* Main.storyboard */; };
		D03CF01B2640E61A00C00729 /* Assets.xcassets in Resources */ = {isa = PBXBuildFile; fileRef = D03CF01A2640E61A00C00729 /* Assets.xcassets */; };
		D03CF01E2640E61A00C00729 /* LaunchScreen.storyboard in Resources */ = {isa = PBXBuildFile; fileRef = D03CF01C2640E61A00C00729 /* LaunchScreen.storyboard */; };
		D03CF0292640E61A00C00729 /* BaseballAppTests.swift in Sources */ = {isa = PBXBuildFile; fileRef = D03CF0282640E61A00C00729 /* BaseballAppTests.swift */; };
		D03CF0342640E61A00C00729 /* BaseballAppUITests.swift in Sources */ = {isa = PBXBuildFile; fileRef = D03CF0332640E61A00C00729 /* BaseballAppUITests.swift */; };
/* End PBXBuildFile section */

/* Begin PBXContainerItemProxy section */
		D03CF0252640E61A00C00729 /* PBXContainerItemProxy */ = {
			isa = PBXContainerItemProxy;
			containerPortal = D03CF0062640E61900C00729 /* Project object */;
			proxyType = 1;
			remoteGlobalIDString = D03CF00D2640E61900C00729;
			remoteInfo = BaseballApp;
		};
		D03CF0302640E61A00C00729 /* PBXContainerItemProxy */ = {
			isa = PBXContainerItemProxy;
			containerPortal = D03CF0062640E61900C00729 /* Project object */;
			proxyType = 1;
			remoteGlobalIDString = D03CF00D2640E61900C00729;
			remoteInfo = BaseballApp;
		};
/* End PBXContainerItemProxy section */

/* Begin PBXFileReference section */
		D03CF00E2640E61900C00729 /* BaseballApp.app */ = {isa = PBXFileReference; explicitFileType = wrapper.application; includeInIndex = 0; path = BaseballApp.app; sourceTree = BUILT_PRODUCTS_DIR; };
		D03CF0112640E61900C00729 /* AppDelegate.swift */ = {isa = PBXFileReference; lastKnownFileType = sourcecode.swift; path = AppDelegate.swift; sourceTree = "<group>"; };
		D03CF0132640E61900C00729 /* SceneDelegate.swift */ = {isa = PBXFileReference; lastKnownFileType = sourcecode.swift; path = SceneDelegate.swift; sourceTree = "<group>"; };
		D03CF0152640E61900C00729 /* GamesViewController.swift */ = {isa = PBXFileReference; lastKnownFileType = sourcecode.swift; path = GamesViewController.swift; sourceTree = "<group>"; };
		D03CF0182640E61900C00729 /* Base */ = {isa = PBXFileReference; lastKnownFileType = file.storyboard; name = Base; path = Base.lproj/Main.storyboard; sourceTree = "<group>"; };
		D03CF01A2640E61A00C00729 /* Assets.xcassets */ = {isa = PBXFileReference; lastKnownFileType = folder.assetcatalog; path = Assets.xcassets; sourceTree = "<group>"; };
		D03CF01D2640E61A00C00729 /* Base */ = {isa = PBXFileReference; lastKnownFileType = file.storyboard; name = Base; path = Base.lproj/LaunchScreen.storyboard; sourceTree = "<group>"; };
		D03CF01F2640E61A00C00729 /* Info.plist */ = {isa = PBXFileReference; lastKnownFileType = text.plist.xml; path = Info.plist; sourceTree = "<group>"; };
		D03CF0242640E61A00C00729 /* BaseballAppTests.xctest */ = {isa = PBXFileReference; explicitFileType = wrapper.cfbundle; includeInIndex = 0; path = BaseballAppTests.xctest; sourceTree = BUILT_PRODUCTS_DIR; };
		D03CF0282640E61A00C00729 /* BaseballAppTests.swift */ = {isa = PBXFileReference; lastKnownFileType = sourcecode.swift; path = BaseballAppTests.swift; sourceTree = "<group>"; };
		D03CF02A2640E61A00C00729 /* Info.plist */ = {isa = PBXFileReference; lastKnownFileType = text.plist.xml; path = Info.plist; sourceTree = "<group>"; };
		D03CF02F2640E61A00C00729 /* BaseballAppUITests.xctest */ = {isa = PBXFileReference; explicitFileType = wrapper.cfbundle; includeInIndex = 0; path = BaseballAppUITests.xctest; sourceTree = BUILT_PRODUCTS_DIR; };
		D03CF0332640E61A00C00729 /* BaseballAppUITests.swift */ = {isa = PBXFileReference; lastKnownFileType = sourcecode.swift; path = BaseballAppUITests.swift; sourceTree = "<group>"; };
		D03CF0352640E61A00C00729 /* Info.plist */ = {isa = PBXFileReference; lastKnownFileType = text.plist.xml; path = Info.plist; sourceTree = "<group>"; };
/* End PBXFileReference section */

/* Begin PBXFrameworksBuildPhase section */
		D03CF00B2640E61900C00729 /* Frameworks */ = {
			isa = PBXFrameworksBuildPhase;
			buildActionMask = 2147483647;
			files = (
			);
			runOnlyForDeploymentPostprocessing = 0;
		};
		D03CF0212640E61A00C00729 /* Frameworks */ = {
			isa = PBXFrameworksBuildPhase;
			buildActionMask = 2147483647;
			files = (
			);
			runOnlyForDeploymentPostprocessing = 0;
		};
		D03CF02C2640E61A00C00729 /* Frameworks */ = {
			isa = PBXFrameworksBuildPhase;
			buildActionMask = 2147483647;
			files = (
			);
			runOnlyForDeploymentPostprocessing = 0;
		};
/* End PBXFrameworksBuildPhase section */

/* Begin PBXGroup section */
		D03CF0052640E61900C00729 = {
			isa = PBXGroup;
			children = (
				D03CF0102640E61900C00729 /* BaseballApp */,
				D03CF0272640E61A00C00729 /* BaseballAppTests */,
				D03CF0322640E61A00C00729 /* BaseballAppUITests */,
				D03CF00F2640E61900C00729 /* Products */,
			);
			sourceTree = "<group>";
		};
		D03CF00F2640E61900C00729 /* Products */ = {
			isa = PBXGroup;
			children = (
				D03CF00E2640E61900C00729 /* BaseballApp.app */,
				D03CF0242640E61A00C00729 /* BaseballAppTests.xctest */,
				D03CF02F2640E61A00C00729 /* BaseballAppUITests.xctest */,
			);
			name = Products;
			sourceTree = "<group>";
		};
		D03CF0102640E61900C00729 /* BaseballApp */ = {
			isa = PBXGroup;
			children = (
				D03CF0442640E73F00C00729 /* Supporting Files */,
				D03CF0152640E61900C00729 /* GamesViewController.swift */,
				D03CF0172640E61900C00729 /* Main.storyboard */,
				D03CF01F2640E61A00C00729 /* Info.plist */,
			);
			path = BaseballApp;
			sourceTree = "<group>";
		};
		D03CF0272640E61A00C00729 /* BaseballAppTests */ = {
			isa = PBXGroup;
			children = (
				D03CF0282640E61A00C00729 /* BaseballAppTests.swift */,
				D03CF02A2640E61A00C00729 /* Info.plist */,
			);
			path = BaseballAppTests;
			sourceTree = "<group>";
		};
		D03CF0322640E61A00C00729 /* BaseballAppUITests */ = {
			isa = PBXGroup;
			children = (
				D03CF0332640E61A00C00729 /* BaseballAppUITests.swift */,
				D03CF0352640E61A00C00729 /* Info.plist */,
			);
			path = BaseballAppUITests;
			sourceTree = "<group>";
		};
		D03CF0442640E73F00C00729 /* Supporting Files */ = {
			isa = PBXGroup;
			children = (
				D03CF0112640E61900C00729 /* AppDelegate.swift */,
				D03CF0132640E61900C00729 /* SceneDelegate.swift */,
				D03CF01A2640E61A00C00729 /* Assets.xcassets */,
				D03CF01C2640E61A00C00729 /* LaunchScreen.storyboard */,
			);
			path = "Supporting Files";
			sourceTree = "<group>";
		};
/* End PBXGroup section */

/* Begin PBXNativeTarget section */
		D03CF00D2640E61900C00729 /* BaseballApp */ = {
			isa = PBXNativeTarget;
			buildConfigurationList = D03CF0382640E61A00C00729 /* Build configuration list for PBXNativeTarget "BaseballApp" */;
			buildPhases = (
				D03CF00A2640E61900C00729 /* Sources */,
				D03CF00B2640E61900C00729 /* Frameworks */,
				D03CF00C2640E61900C00729 /* Resources */,
			);
			buildRules = (
			);
			dependencies = (
			);
			name = BaseballApp;
			productName = BaseballApp;
			productReference = D03CF00E2640E61900C00729 /* BaseballApp.app */;
			productType = "com.apple.product-type.application";
		};
		D03CF0232640E61A00C00729 /* BaseballAppTests */ = {
			isa = PBXNativeTarget;
			buildConfigurationList = D03CF03B2640E61A00C00729 /* Build configuration list for PBXNativeTarget "BaseballAppTests" */;
			buildPhases = (
				D03CF0202640E61A00C00729 /* Sources */,
				D03CF0212640E61A00C00729 /* Frameworks */,
				D03CF0222640E61A00C00729 /* Resources */,
			);
			buildRules = (
			);
			dependencies = (
				D03CF0262640E61A00C00729 /* PBXTargetDependency */,
			);
			name = BaseballAppTests;
			productName = BaseballAppTests;
			productReference = D03CF0242640E61A00C00729 /* BaseballAppTests.xctest */;
			productType = "com.apple.product-type.bundle.unit-test";
		};
		D03CF02E2640E61A00C00729 /* BaseballAppUITests */ = {
			isa = PBXNativeTarget;
			buildConfigurationList = D03CF03E2640E61A00C00729 /* Build configuration list for PBXNativeTarget "BaseballAppUITests" */;
			buildPhases = (
				D03CF02B2640E61A00C00729 /* Sources */,
				D03CF02C2640E61A00C00729 /* Frameworks */,
				D03CF02D2640E61A00C00729 /* Resources */,
			);
			buildRules = (
			);
			dependencies = (
				D03CF0312640E61A00C00729 /* PBXTargetDependency */,
			);
			name = BaseballAppUITests;
			productName = BaseballAppUITests;
			productReference = D03CF02F2640E61A00C00729 /* BaseballAppUITests.xctest */;
			productType = "com.apple.product-type.bundle.ui-testing";
		};
/* End PBXNativeTarget section */

/* Begin PBXProject section */
		D03CF0062640E61900C00729 /* Project object */ = {
			isa = PBXProject;
			attributes = {
				LastSwiftUpdateCheck = 1240;
				LastUpgradeCheck = 1240;
				TargetAttributes = {
					D03CF00D2640E61900C00729 = {
						CreatedOnToolsVersion = 12.4;
					};
					D03CF0232640E61A00C00729 = {
						CreatedOnToolsVersion = 12.4;
						TestTargetID = D03CF00D2640E61900C00729;
					};
					D03CF02E2640E61A00C00729 = {
						CreatedOnToolsVersion = 12.4;
						TestTargetID = D03CF00D2640E61900C00729;
					};
				};
			};
			buildConfigurationList = D03CF0092640E61900C00729 /* Build configuration list for PBXProject "BaseballApp" */;
			compatibilityVersion = "Xcode 9.3";
			developmentRegion = en;
			hasScannedForEncodings = 0;
			knownRegions = (
				en,
				Base,
			);
			mainGroup = D03CF0052640E61900C00729;
			productRefGroup = D03CF00F2640E61900C00729 /* Products */;
			projectDirPath = "";
			projectRoot = "";
			targets = (
				D03CF00D2640E61900C00729 /* BaseballApp */,
				D03CF0232640E61A00C00729 /* BaseballAppTests */,
				D03CF02E2640E61A00C00729 /* BaseballAppUITests */,
			);
		};
/* End PBXProject section */

/* Begin PBXResourcesBuildPhase section */
		D03CF00C2640E61900C00729 /* Resources */ = {
			isa = PBXResourcesBuildPhase;
			buildActionMask = 2147483647;
			files = (
				D03CF01E2640E61A00C00729 /* LaunchScreen.storyboard in Resources */,
				D03CF01B2640E61A00C00729 /* Assets.xcassets in Resources */,
				D03CF0192640E61900C00729 /* Main.storyboard in Resources */,
			);
			runOnlyForDeploymentPostprocessing = 0;
		};
		D03CF0222640E61A00C00729 /* Resources */ = {
			isa = PBXResourcesBuildPhase;
			buildActionMask = 2147483647;
			files = (
			);
			runOnlyForDeploymentPostprocessing = 0;
		};
		D03CF02D2640E61A00C00729 /* Resources */ = {
			isa = PBXResourcesBuildPhase;
			buildActionMask = 2147483647;
			files = (
			);
			runOnlyForDeploymentPostprocessing = 0;
		};
/* End PBXResourcesBuildPhase section */

/* Begin PBXSourcesBuildPhase section */
		D03CF00A2640E61900C00729 /* Sources */ = {
			isa = PBXSourcesBuildPhase;
			buildActionMask = 2147483647;
			files = (
				D03CF0162640E61900C00729 /* GamesViewController.swift in Sources */,
				D03CF0122640E61900C00729 /* AppDelegate.swift in Sources */,
				D03CF0142640E61900C00729 /* SceneDelegate.swift in Sources */,
			);
			runOnlyForDeploymentPostprocessing = 0;
		};
		D03CF0202640E61A00C00729 /* Sources */ = {
			isa = PBXSourcesBuildPhase;
			buildActionMask = 2147483647;
			files = (
				D03CF0292640E61A00C00729 /* BaseballAppTests.swift in Sources */,
			);
			runOnlyForDeploymentPostprocessing = 0;
		};
		D03CF02B2640E61A00C00729 /* Sources */ = {
			isa = PBXSourcesBuildPhase;
			buildActionMask = 2147483647;
			files = (
				D03CF0342640E61A00C00729 /* BaseballAppUITests.swift in Sources */,
			);
			runOnlyForDeploymentPostprocessing = 0;
		};
/* End PBXSourcesBuildPhase section */

/* Begin PBXTargetDependency section */
		D03CF0262640E61A00C00729 /* PBXTargetDependency */ = {
			isa = PBXTargetDependency;
			target = D03CF00D2640E61900C00729 /* BaseballApp */;
			targetProxy = D03CF0252640E61A00C00729 /* PBXContainerItemProxy */;
		};
		D03CF0312640E61A00C00729 /* PBXTargetDependency */ = {
			isa = PBXTargetDependency;
			target = D03CF00D2640E61900C00729 /* BaseballApp */;
			targetProxy = D03CF0302640E61A00C00729 /* PBXContainerItemProxy */;
		};
/* End PBXTargetDependency section */

/* Begin PBXVariantGroup section */
		D03CF0172640E61900C00729 /* Main.storyboard */ = {
			isa = PBXVariantGroup;
			children = (
				D03CF0182640E61900C00729 /* Base */,
			);
			name = Main.storyboard;
			sourceTree = "<group>";
		};
		D03CF01C2640E61A00C00729 /* LaunchScreen.storyboard */ = {
			isa = PBXVariantGroup;
			children = (
				D03CF01D2640E61A00C00729 /* Base */,
			);
			name = LaunchScreen.storyboard;
			sourceTree = "<group>";
		};
/* End PBXVariantGroup section */

/* Begin XCBuildConfiguration section */
		D03CF0362640E61A00C00729 /* Debug */ = {
			isa = XCBuildConfiguration;
			buildSettings = {
				ALWAYS_SEARCH_USER_PATHS = NO;
				CLANG_ANALYZER_NONNULL = YES;
				CLANG_ANALYZER_NUMBER_OBJECT_CONVERSION = YES_AGGRESSIVE;
				CLANG_CXX_LANGUAGE_STANDARD = "gnu++14";
				CLANG_CXX_LIBRARY = "libc++";
				CLANG_ENABLE_MODULES = YES;
				CLANG_ENABLE_OBJC_ARC = YES;
				CLANG_ENABLE_OBJC_WEAK = YES;
				CLANG_WARN_BLOCK_CAPTURE_AUTORELEASING = YES;
				CLANG_WARN_BOOL_CONVERSION = YES;
				CLANG_WARN_COMMA = YES;
				CLANG_WARN_CONSTANT_CONVERSION = YES;
				CLANG_WARN_DEPRECATED_OBJC_IMPLEMENTATIONS = YES;
				CLANG_WARN_DIRECT_OBJC_ISA_USAGE = YES_ERROR;
				CLANG_WARN_DOCUMENTATION_COMMENTS = YES;
				CLANG_WARN_EMPTY_BODY = YES;
				CLANG_WARN_ENUM_CONVERSION = YES;
				CLANG_WARN_INFINITE_RECURSION = YES;
				CLANG_WARN_INT_CONVERSION = YES;
				CLANG_WARN_NON_LITERAL_NULL_CONVERSION = YES;
				CLANG_WARN_OBJC_IMPLICIT_RETAIN_SELF = YES;
				CLANG_WARN_OBJC_LITERAL_CONVERSION = YES;
				CLANG_WARN_OBJC_ROOT_CLASS = YES_ERROR;
				CLANG_WARN_QUOTED_INCLUDE_IN_FRAMEWORK_HEADER = YES;
				CLANG_WARN_RANGE_LOOP_ANALYSIS = YES;
				CLANG_WARN_STRICT_PROTOTYPES = YES;
				CLANG_WARN_SUSPICIOUS_MOVE = YES;
				CLANG_WARN_UNGUARDED_AVAILABILITY = YES_AGGRESSIVE;
				CLANG_WARN_UNREACHABLE_CODE = YES;
				CLANG_WARN__DUPLICATE_METHOD_MATCH = YES;
				COPY_PHASE_STRIP = NO;
				DEBUG_INFORMATION_FORMAT = dwarf;
				ENABLE_STRICT_OBJC_MSGSEND = YES;
				ENABLE_TESTABILITY = YES;
				GCC_C_LANGUAGE_STANDARD = gnu11;
				GCC_DYNAMIC_NO_PIC = NO;
				GCC_NO_COMMON_BLOCKS = YES;
				GCC_OPTIMIZATION_LEVEL = 0;
				GCC_PREPROCESSOR_DEFINITIONS = (
					"DEBUG=1",
					"$(inherited)",
				);
				GCC_WARN_64_TO_32_BIT_CONVERSION = YES;
				GCC_WARN_ABOUT_RETURN_TYPE = YES_ERROR;
				GCC_WARN_UNDECLARED_SELECTOR = YES;
				GCC_WARN_UNINITIALIZED_AUTOS = YES_AGGRESSIVE;
				GCC_WARN_UNUSED_FUNCTION = YES;
				GCC_WARN_UNUSED_VARIABLE = YES;
				IPHONEOS_DEPLOYMENT_TARGET = 14.4;
				MTL_ENABLE_DEBUG_INFO = INCLUDE_SOURCE;
				MTL_FAST_MATH = YES;
				ONLY_ACTIVE_ARCH = YES;
				SDKROOT = iphoneos;
				SWIFT_ACTIVE_COMPILATION_CONDITIONS = DEBUG;
				SWIFT_OPTIMIZATION_LEVEL = "-Onone";
			};
			name = Debug;
		};
		D03CF0372640E61A00C00729 /* Release */ = {
			isa = XCBuildConfiguration;
			buildSettings = {
				ALWAYS_SEARCH_USER_PATHS = NO;
				CLANG_ANALYZER_NONNULL = YES;
				CLANG_ANALYZER_NUMBER_OBJECT_CONVERSION = YES_AGGRESSIVE;
				CLANG_CXX_LANGUAGE_STANDARD = "gnu++14";
				CLANG_CXX_LIBRARY = "libc++";
				CLANG_ENABLE_MODULES = YES;
				CLANG_ENABLE_OBJC_ARC = YES;
				CLANG_ENABLE_OBJC_WEAK = YES;
				CLANG_WARN_BLOCK_CAPTURE_AUTORELEASING = YES;
				CLANG_WARN_BOOL_CONVERSION = YES;
				CLANG_WARN_COMMA = YES;
				CLANG_WARN_CONSTANT_CONVERSION = YES;
				CLANG_WARN_DEPRECATED_OBJC_IMPLEMENTATIONS = YES;
				CLANG_WARN_DIRECT_OBJC_ISA_USAGE = YES_ERROR;
				CLANG_WARN_DOCUMENTATION_COMMENTS = YES;
				CLANG_WARN_EMPTY_BODY = YES;
				CLANG_WARN_ENUM_CONVERSION = YES;
				CLANG_WARN_INFINITE_RECURSION = YES;
				CLANG_WARN_INT_CONVERSION = YES;
				CLANG_WARN_NON_LITERAL_NULL_CONVERSION = YES;
				CLANG_WARN_OBJC_IMPLICIT_RETAIN_SELF = YES;
				CLANG_WARN_OBJC_LITERAL_CONVERSION = YES;
				CLANG_WARN_OBJC_ROOT_CLASS = YES_ERROR;
				CLANG_WARN_QUOTED_INCLUDE_IN_FRAMEWORK_HEADER = YES;
				CLANG_WARN_RANGE_LOOP_ANALYSIS = YES;
				CLANG_WARN_STRICT_PROTOTYPES = YES;
				CLANG_WARN_SUSPICIOUS_MOVE = YES;
				CLANG_WARN_UNGUARDED_AVAILABILITY = YES_AGGRESSIVE;
				CLANG_WARN_UNREACHABLE_CODE = YES;
				CLANG_WARN__DUPLICATE_METHOD_MATCH = YES;
				COPY_PHASE_STRIP = NO;
				DEBUG_INFORMATION_FORMAT = "dwarf-with-dsym";
				ENABLE_NS_ASSERTIONS = NO;
				ENABLE_STRICT_OBJC_MSGSEND = YES;
				GCC_C_LANGUAGE_STANDARD = gnu11;
				GCC_NO_COMMON_BLOCKS = YES;
				GCC_WARN_64_TO_32_BIT_CONVERSION = YES;
				GCC_WARN_ABOUT_RETURN_TYPE = YES_ERROR;
				GCC_WARN_UNDECLARED_SELECTOR = YES;
				GCC_WARN_UNINITIALIZED_AUTOS = YES_AGGRESSIVE;
				GCC_WARN_UNUSED_FUNCTION = YES;
				GCC_WARN_UNUSED_VARIABLE = YES;
				IPHONEOS_DEPLOYMENT_TARGET = 14.4;
				MTL_ENABLE_DEBUG_INFO = NO;
				MTL_FAST_MATH = YES;
				SDKROOT = iphoneos;
				SWIFT_COMPILATION_MODE = wholemodule;
				SWIFT_OPTIMIZATION_LEVEL = "-O";
				VALIDATE_PRODUCT = YES;
			};
			name = Release;
		};
		D03CF0392640E61A00C00729 /* Debug */ = {
			isa = XCBuildConfiguration;
			buildSettings = {
				ASSETCATALOG_COMPILER_APPICON_NAME = AppIcon;
				ASSETCATALOG_COMPILER_GLOBAL_ACCENT_COLOR_NAME = AccentColor;
				CODE_SIGN_STYLE = Automatic;
				DEVELOPMENT_TEAM = B3PWYBKFUK;
				INFOPLIST_FILE = BaseballApp/Info.plist;
				LD_RUNPATH_SEARCH_PATHS = (
					"$(inherited)",
					"@executable_path/Frameworks",
				);
				PRODUCT_BUNDLE_IDENTIFIER = com.team09.BaseballApp;
				PRODUCT_NAME = "$(TARGET_NAME)";
				SWIFT_VERSION = 5.0;
				TARGETED_DEVICE_FAMILY = "1,2";
			};
			name = Debug;
		};
		D03CF03A2640E61A00C00729 /* Release */ = {
			isa = XCBuildConfiguration;
			buildSettings = {
				ASSETCATALOG_COMPILER_APPICON_NAME = AppIcon;
				ASSETCATALOG_COMPILER_GLOBAL_ACCENT_COLOR_NAME = AccentColor;
				CODE_SIGN_STYLE = Automatic;
				DEVELOPMENT_TEAM = B3PWYBKFUK;
				INFOPLIST_FILE = BaseballApp/Info.plist;
				LD_RUNPATH_SEARCH_PATHS = (
					"$(inherited)",
					"@executable_path/Frameworks",
				);
				PRODUCT_BUNDLE_IDENTIFIER = com.team09.BaseballApp;
				PRODUCT_NAME = "$(TARGET_NAME)";
				SWIFT_VERSION = 5.0;
				TARGETED_DEVICE_FAMILY = "1,2";
			};
			name = Release;
		};
		D03CF03C2640E61A00C00729 /* Debug */ = {
			isa = XCBuildConfiguration;
			buildSettings = {
				ALWAYS_EMBED_SWIFT_STANDARD_LIBRARIES = YES;
				BUNDLE_LOADER = "$(TEST_HOST)";
				CODE_SIGN_STYLE = Automatic;
				DEVELOPMENT_TEAM = B3PWYBKFUK;
				INFOPLIST_FILE = BaseballAppTests/Info.plist;
				IPHONEOS_DEPLOYMENT_TARGET = 14.4;
				LD_RUNPATH_SEARCH_PATHS = (
					"$(inherited)",
					"@executable_path/Frameworks",
					"@loader_path/Frameworks",
				);
				PRODUCT_BUNDLE_IDENTIFIER = com.team09.BaseballAppTests;
				PRODUCT_NAME = "$(TARGET_NAME)";
				SWIFT_VERSION = 5.0;
				TARGETED_DEVICE_FAMILY = "1,2";
				TEST_HOST = "$(BUILT_PRODUCTS_DIR)/BaseballApp.app/BaseballApp";
			};
			name = Debug;
		};
		D03CF03D2640E61A00C00729 /* Release */ = {
			isa = XCBuildConfiguration;
			buildSettings = {
				ALWAYS_EMBED_SWIFT_STANDARD_LIBRARIES = YES;
				BUNDLE_LOADER = "$(TEST_HOST)";
				CODE_SIGN_STYLE = Automatic;
				DEVELOPMENT_TEAM = B3PWYBKFUK;
				INFOPLIST_FILE = BaseballAppTests/Info.plist;
				IPHONEOS_DEPLOYMENT_TARGET = 14.4;
				LD_RUNPATH_SEARCH_PATHS = (
					"$(inherited)",
					"@executable_path/Frameworks",
					"@loader_path/Frameworks",
				);
				PRODUCT_BUNDLE_IDENTIFIER = com.team09.BaseballAppTests;
				PRODUCT_NAME = "$(TARGET_NAME)";
				SWIFT_VERSION = 5.0;
				TARGETED_DEVICE_FAMILY = "1,2";
				TEST_HOST = "$(BUILT_PRODUCTS_DIR)/BaseballApp.app/BaseballApp";
			};
			name = Release;
		};
		D03CF03F2640E61A00C00729 /* Debug */ = {
			isa = XCBuildConfiguration;
			buildSettings = {
				ALWAYS_EMBED_SWIFT_STANDARD_LIBRARIES = YES;
				CODE_SIGN_STYLE = Automatic;
				DEVELOPMENT_TEAM = B3PWYBKFUK;
				INFOPLIST_FILE = BaseballAppUITests/Info.plist;
				LD_RUNPATH_SEARCH_PATHS = (
					"$(inherited)",
					"@executable_path/Frameworks",
					"@loader_path/Frameworks",
				);
				PRODUCT_BUNDLE_IDENTIFIER = com.team09.BaseballAppUITests;
				PRODUCT_NAME = "$(TARGET_NAME)";
				SWIFT_VERSION = 5.0;
				TARGETED_DEVICE_FAMILY = "1,2";
				TEST_TARGET_NAME = BaseballApp;
			};
			name = Debug;
		};
		D03CF0402640E61A00C00729 /* Release */ = {
			isa = XCBuildConfiguration;
			buildSettings = {
				ALWAYS_EMBED_SWIFT_STANDARD_LIBRARIES = YES;
				CODE_SIGN_STYLE = Automatic;
				DEVELOPMENT_TEAM = B3PWYBKFUK;
				INFOPLIST_FILE = BaseballAppUITests/Info.plist;
				LD_RUNPATH_SEARCH_PATHS = (
					"$(inherited)",
					"@executable_path/Frameworks",
					"@loader_path/Frameworks",
				);
				PRODUCT_BUNDLE_IDENTIFIER = com.team09.BaseballAppUITests;
				PRODUCT_NAME = "$(TARGET_NAME)";
				SWIFT_VERSION = 5.0;
				TARGETED_DEVICE_FAMILY = "1,2";
				TEST_TARGET_NAME = BaseballApp;
			};
			name = Release;
		};
/* End XCBuildConfiguration section */

/* Begin XCConfigurationList section */
		D03CF0092640E61900C00729 /* Build configuration list for PBXProject "BaseballApp" */ = {
			isa = XCConfigurationList;
			buildConfigurations = (
				D03CF0362640E61A00C00729 /* Debug */,
				D03CF0372640E61A00C00729 /* Release */,
			);
			defaultConfigurationIsVisible = 0;
			defaultConfigurationName = Release;
		};
		D03CF0382640E61A00C00729 /* Build configuration list for PBXNativeTarget "BaseballApp" */ = {
			isa = XCConfigurationList;
			buildConfigurations = (
				D03CF0392640E61A00C00729 /* Debug */,
				D03CF03A2640E61A00C00729 /* Release */,
			);
			defaultConfigurationIsVisible = 0;
			defaultConfigurationName = Release;
		};
		D03CF03B2640E61A00C00729 /* Build configuration list for PBXNativeTarget "BaseballAppTests" */ = {
			isa = XCConfigurationList;
			buildConfigurations = (
				D03CF03C2640E61A00C00729 /* Debug */,
				D03CF03D2640E61A00C00729 /* Release */,
			);
			defaultConfigurationIsVisible = 0;
			defaultConfigurationName = Release;
		};
		D03CF03E2640E61A00C00729 /* Build configuration list for PBXNativeTarget "BaseballAppUITests" */ = {
			isa = XCConfigurationList;
			buildConfigurations = (
				D03CF03F2640E61A00C00729 /* Debug */,
				D03CF0402640E61A00C00729 /* Release */,
			);
			defaultConfigurationIsVisible = 0;
			defaultConfigurationName = Release;
		};
/* End XCConfigurationList section */
	};
	rootObject = D03CF0062640E61900C00729 /* Project object */;
}
