// !$*UTF8*$!
{
	archiveVersion = 1;
	classes = {
	};
	objectVersion = 50;
	objects = {

/* Begin PBXBuildFile section */
		A03DB670041063072849A07E /* Pods_baseball.framework in Frameworks */ = {isa = PBXBuildFile; fileRef = 9E6185C5821FDF374680999A /* Pods_baseball.framework */; };
		B04466A32640E5E900DAD616 /* AppDelegate.swift in Sources */ = {isa = PBXBuildFile; fileRef = B04466A22640E5E900DAD616 /* AppDelegate.swift */; };
		B04466A52640E5E900DAD616 /* SceneDelegate.swift in Sources */ = {isa = PBXBuildFile; fileRef = B04466A42640E5E900DAD616 /* SceneDelegate.swift */; };
		B04466A72640E5E900DAD616 /* ViewController.swift in Sources */ = {isa = PBXBuildFile; fileRef = B04466A62640E5E900DAD616 /* ViewController.swift */; };
		B04466AA2640E5E900DAD616 /* Main.storyboard in Resources */ = {isa = PBXBuildFile; fileRef = B04466A82640E5E900DAD616 /* Main.storyboard */; };
		B04466AC2640E5EC00DAD616 /* Assets.xcassets in Resources */ = {isa = PBXBuildFile; fileRef = B04466AB2640E5EC00DAD616 /* Assets.xcassets */; };
		B04466AF2640E5EC00DAD616 /* LaunchScreen.storyboard in Resources */ = {isa = PBXBuildFile; fileRef = B04466AD2640E5EC00DAD616 /* LaunchScreen.storyboard */; };
		B04466BA2640E5ED00DAD616 /* baseballTests.swift in Sources */ = {isa = PBXBuildFile; fileRef = B04466B92640E5ED00DAD616 /* baseballTests.swift */; };
		B04466C52640E5ED00DAD616 /* baseballUITests.swift in Sources */ = {isa = PBXBuildFile; fileRef = B04466C42640E5ED00DAD616 /* baseballUITests.swift */; };
		DD6543BA0B179E8A844F28F2 /* Pods_baseballTests.framework in Frameworks */ = {isa = PBXBuildFile; fileRef = 9DE1AC5DF34B16FA735B56F7 /* Pods_baseballTests.framework */; };
		FAE9C73D633BD0F4D514494F /* Pods_baseball_baseballUITests.framework in Frameworks */ = {isa = PBXBuildFile; fileRef = D9A34A6FD740530E63412A88 /* Pods_baseball_baseballUITests.framework */; };
/* End PBXBuildFile section */

/* Begin PBXContainerItemProxy section */
		B04466B62640E5ED00DAD616 /* PBXContainerItemProxy */ = {
			isa = PBXContainerItemProxy;
			containerPortal = B04466972640E5E800DAD616 /* Project object */;
			proxyType = 1;
			remoteGlobalIDString = B044669E2640E5E800DAD616;
			remoteInfo = baseball;
		};
		B04466C12640E5ED00DAD616 /* PBXContainerItemProxy */ = {
			isa = PBXContainerItemProxy;
			containerPortal = B04466972640E5E800DAD616 /* Project object */;
			proxyType = 1;
			remoteGlobalIDString = B044669E2640E5E800DAD616;
			remoteInfo = baseball;
		};
/* End PBXContainerItemProxy section */

/* Begin PBXFileReference section */
		442DC7C6AE6F599560810BBC /* Pods-baseball-baseballUITests.release.xcconfig */ = {isa = PBXFileReference; includeInIndex = 1; lastKnownFileType = text.xcconfig; name = "Pods-baseball-baseballUITests.release.xcconfig"; path = "Target Support Files/Pods-baseball-baseballUITests/Pods-baseball-baseballUITests.release.xcconfig"; sourceTree = "<group>"; };
		4BDBB051FC8E4811F2545721 /* Pods-baseballTests.release.xcconfig */ = {isa = PBXFileReference; includeInIndex = 1; lastKnownFileType = text.xcconfig; name = "Pods-baseballTests.release.xcconfig"; path = "Target Support Files/Pods-baseballTests/Pods-baseballTests.release.xcconfig"; sourceTree = "<group>"; };
		5674BCB0BA322557A1D973E6 /* Pods-baseball-baseballUITests.debug.xcconfig */ = {isa = PBXFileReference; includeInIndex = 1; lastKnownFileType = text.xcconfig; name = "Pods-baseball-baseballUITests.debug.xcconfig"; path = "Target Support Files/Pods-baseball-baseballUITests/Pods-baseball-baseballUITests.debug.xcconfig"; sourceTree = "<group>"; };
		9DE1AC5DF34B16FA735B56F7 /* Pods_baseballTests.framework */ = {isa = PBXFileReference; explicitFileType = wrapper.framework; includeInIndex = 0; path = Pods_baseballTests.framework; sourceTree = BUILT_PRODUCTS_DIR; };
		9E6185C5821FDF374680999A /* Pods_baseball.framework */ = {isa = PBXFileReference; explicitFileType = wrapper.framework; includeInIndex = 0; path = Pods_baseball.framework; sourceTree = BUILT_PRODUCTS_DIR; };
		B044669F2640E5E800DAD616 /* baseball.app */ = {isa = PBXFileReference; explicitFileType = wrapper.application; includeInIndex = 0; path = baseball.app; sourceTree = BUILT_PRODUCTS_DIR; };
		B04466A22640E5E900DAD616 /* AppDelegate.swift */ = {isa = PBXFileReference; lastKnownFileType = sourcecode.swift; path = AppDelegate.swift; sourceTree = "<group>"; };
		B04466A42640E5E900DAD616 /* SceneDelegate.swift */ = {isa = PBXFileReference; lastKnownFileType = sourcecode.swift; path = SceneDelegate.swift; sourceTree = "<group>"; };
		B04466A62640E5E900DAD616 /* ViewController.swift */ = {isa = PBXFileReference; lastKnownFileType = sourcecode.swift; path = ViewController.swift; sourceTree = "<group>"; };
		B04466A92640E5E900DAD616 /* Base */ = {isa = PBXFileReference; lastKnownFileType = file.storyboard; name = Base; path = Base.lproj/Main.storyboard; sourceTree = "<group>"; };
		B04466AB2640E5EC00DAD616 /* Assets.xcassets */ = {isa = PBXFileReference; lastKnownFileType = folder.assetcatalog; path = Assets.xcassets; sourceTree = "<group>"; };
		B04466AE2640E5EC00DAD616 /* Base */ = {isa = PBXFileReference; lastKnownFileType = file.storyboard; name = Base; path = Base.lproj/LaunchScreen.storyboard; sourceTree = "<group>"; };
		B04466B02640E5EC00DAD616 /* Info.plist */ = {isa = PBXFileReference; lastKnownFileType = text.plist.xml; path = Info.plist; sourceTree = "<group>"; };
		B04466B52640E5ED00DAD616 /* baseballTests.xctest */ = {isa = PBXFileReference; explicitFileType = wrapper.cfbundle; includeInIndex = 0; path = baseballTests.xctest; sourceTree = BUILT_PRODUCTS_DIR; };
		B04466B92640E5ED00DAD616 /* baseballTests.swift */ = {isa = PBXFileReference; lastKnownFileType = sourcecode.swift; path = baseballTests.swift; sourceTree = "<group>"; };
		B04466BB2640E5ED00DAD616 /* Info.plist */ = {isa = PBXFileReference; lastKnownFileType = text.plist.xml; path = Info.plist; sourceTree = "<group>"; };
		B04466C02640E5ED00DAD616 /* baseballUITests.xctest */ = {isa = PBXFileReference; explicitFileType = wrapper.cfbundle; includeInIndex = 0; path = baseballUITests.xctest; sourceTree = BUILT_PRODUCTS_DIR; };
		B04466C42640E5ED00DAD616 /* baseballUITests.swift */ = {isa = PBXFileReference; lastKnownFileType = sourcecode.swift; path = baseballUITests.swift; sourceTree = "<group>"; };
		B04466C62640E5ED00DAD616 /* Info.plist */ = {isa = PBXFileReference; lastKnownFileType = text.plist.xml; path = Info.plist; sourceTree = "<group>"; };
		D9A34A6FD740530E63412A88 /* Pods_baseball_baseballUITests.framework */ = {isa = PBXFileReference; explicitFileType = wrapper.framework; includeInIndex = 0; path = Pods_baseball_baseballUITests.framework; sourceTree = BUILT_PRODUCTS_DIR; };
		E4680C9E99A652AD80A2C541 /* Pods-baseball.debug.xcconfig */ = {isa = PBXFileReference; includeInIndex = 1; lastKnownFileType = text.xcconfig; name = "Pods-baseball.debug.xcconfig"; path = "Target Support Files/Pods-baseball/Pods-baseball.debug.xcconfig"; sourceTree = "<group>"; };
		F3555AC89D682BE9F52FCD8E /* Pods-baseballTests.debug.xcconfig */ = {isa = PBXFileReference; includeInIndex = 1; lastKnownFileType = text.xcconfig; name = "Pods-baseballTests.debug.xcconfig"; path = "Target Support Files/Pods-baseballTests/Pods-baseballTests.debug.xcconfig"; sourceTree = "<group>"; };
		FED3A0E82A012C3E1322027A /* Pods-baseball.release.xcconfig */ = {isa = PBXFileReference; includeInIndex = 1; lastKnownFileType = text.xcconfig; name = "Pods-baseball.release.xcconfig"; path = "Target Support Files/Pods-baseball/Pods-baseball.release.xcconfig"; sourceTree = "<group>"; };
/* End PBXFileReference section */

/* Begin PBXFrameworksBuildPhase section */
		B044669C2640E5E800DAD616 /* Frameworks */ = {
			isa = PBXFrameworksBuildPhase;
			buildActionMask = 2147483647;
			files = (
				A03DB670041063072849A07E /* Pods_baseball.framework in Frameworks */,
			);
			runOnlyForDeploymentPostprocessing = 0;
		};
		B04466B22640E5ED00DAD616 /* Frameworks */ = {
			isa = PBXFrameworksBuildPhase;
			buildActionMask = 2147483647;
			files = (
				DD6543BA0B179E8A844F28F2 /* Pods_baseballTests.framework in Frameworks */,
			);
			runOnlyForDeploymentPostprocessing = 0;
		};
		B04466BD2640E5ED00DAD616 /* Frameworks */ = {
			isa = PBXFrameworksBuildPhase;
			buildActionMask = 2147483647;
			files = (
				FAE9C73D633BD0F4D514494F /* Pods_baseball_baseballUITests.framework in Frameworks */,
			);
			runOnlyForDeploymentPostprocessing = 0;
		};
/* End PBXFrameworksBuildPhase section */

/* Begin PBXGroup section */
		102D338F662E9C60428E9806 /* Frameworks */ = {
			isa = PBXGroup;
			children = (
				9E6185C5821FDF374680999A /* Pods_baseball.framework */,
				D9A34A6FD740530E63412A88 /* Pods_baseball_baseballUITests.framework */,
				9DE1AC5DF34B16FA735B56F7 /* Pods_baseballTests.framework */,
			);
			name = Frameworks;
			sourceTree = "<group>";
		};
		8B0DB48AFC2CA3C7411EF199 /* Pods */ = {
			isa = PBXGroup;
			children = (
				E4680C9E99A652AD80A2C541 /* Pods-baseball.debug.xcconfig */,
				FED3A0E82A012C3E1322027A /* Pods-baseball.release.xcconfig */,
				5674BCB0BA322557A1D973E6 /* Pods-baseball-baseballUITests.debug.xcconfig */,
				442DC7C6AE6F599560810BBC /* Pods-baseball-baseballUITests.release.xcconfig */,
				F3555AC89D682BE9F52FCD8E /* Pods-baseballTests.debug.xcconfig */,
				4BDBB051FC8E4811F2545721 /* Pods-baseballTests.release.xcconfig */,
			);
			name = Pods;
			path = Pods;
			sourceTree = "<group>";
		};
		B04466962640E5E800DAD616 = {
			isa = PBXGroup;
			children = (
				B04466A12640E5E800DAD616 /* baseball */,
				B04466B82640E5ED00DAD616 /* baseballTests */,
				B04466C32640E5ED00DAD616 /* baseballUITests */,
				B04466A02640E5E800DAD616 /* Products */,
				8B0DB48AFC2CA3C7411EF199 /* Pods */,
				102D338F662E9C60428E9806 /* Frameworks */,
			);
			sourceTree = "<group>";
		};
		B04466A02640E5E800DAD616 /* Products */ = {
			isa = PBXGroup;
			children = (
				B044669F2640E5E800DAD616 /* baseball.app */,
				B04466B52640E5ED00DAD616 /* baseballTests.xctest */,
				B04466C02640E5ED00DAD616 /* baseballUITests.xctest */,
			);
			name = Products;
			sourceTree = "<group>";
		};
		B04466A12640E5E800DAD616 /* baseball */ = {
			isa = PBXGroup;
			children = (
				B04466D62640E93800DAD616 /* Presentor */,
				B04466D52640E8EC00DAD616 /* Domain */,
				B04466A22640E5E900DAD616 /* AppDelegate.swift */,
				B04466A42640E5E900DAD616 /* SceneDelegate.swift */,
				B04466AB2640E5EC00DAD616 /* Assets.xcassets */,
				B04466B02640E5EC00DAD616 /* Info.plist */,
			);
			path = baseball;
			sourceTree = "<group>";
		};
		B04466B82640E5ED00DAD616 /* baseballTests */ = {
			isa = PBXGroup;
			children = (
				B04466B92640E5ED00DAD616 /* baseballTests.swift */,
				B04466BB2640E5ED00DAD616 /* Info.plist */,
			);
			path = baseballTests;
			sourceTree = "<group>";
		};
		B04466C32640E5ED00DAD616 /* baseballUITests */ = {
			isa = PBXGroup;
			children = (
				B04466C42640E5ED00DAD616 /* baseballUITests.swift */,
				B04466C62640E5ED00DAD616 /* Info.plist */,
			);
			path = baseballUITests;
			sourceTree = "<group>";
		};
		B04466D52640E8EC00DAD616 /* Domain */ = {
			isa = PBXGroup;
			children = (
			);
			path = Domain;
			sourceTree = "<group>";
		};
		B04466D62640E93800DAD616 /* Presentor */ = {
			isa = PBXGroup;
			children = (
				B04466D82640E94C00DAD616 /* ViewModel */,
				B04466D72640E94600DAD616 /* UI */,
			);
			path = Presentor;
			sourceTree = "<group>";
		};
		B04466D72640E94600DAD616 /* UI */ = {
			isa = PBXGroup;
			children = (
				B04466DA2640E97800DAD616 /* Controller */,
				B04466D92640E96700DAD616 /* View */,
			);
			path = UI;
			sourceTree = "<group>";
		};
		B04466D82640E94C00DAD616 /* ViewModel */ = {
			isa = PBXGroup;
			children = (
			);
			path = ViewModel;
			sourceTree = "<group>";
		};
		B04466D92640E96700DAD616 /* View */ = {
			isa = PBXGroup;
			children = (
				B04466AD2640E5EC00DAD616 /* LaunchScreen.storyboard */,
				B04466A82640E5E900DAD616 /* Main.storyboard */,
			);
			path = View;
			sourceTree = "<group>";
		};
		B04466DA2640E97800DAD616 /* Controller */ = {
			isa = PBXGroup;
			children = (
				B04466A62640E5E900DAD616 /* ViewController.swift */,
			);
			path = Controller;
			sourceTree = "<group>";
		};
/* End PBXGroup section */

/* Begin PBXNativeTarget section */
		B044669E2640E5E800DAD616 /* baseball */ = {
			isa = PBXNativeTarget;
			buildConfigurationList = B04466C92640E5ED00DAD616 /* Build configuration list for PBXNativeTarget "baseball" */;
			buildPhases = (
				70ED1EB039C3869E0A44D87F /* [CP] Check Pods Manifest.lock */,
				B044669B2640E5E800DAD616 /* Sources */,
				B044669C2640E5E800DAD616 /* Frameworks */,
				B044669D2640E5E800DAD616 /* Resources */,
				BE3D72A8B20C8B555826E1E0 /* [CP] Embed Pods Frameworks */,
			);
			buildRules = (
			);
			dependencies = (
			);
			name = baseball;
			productName = baseball;
			productReference = B044669F2640E5E800DAD616 /* baseball.app */;
			productType = "com.apple.product-type.application";
		};
		B04466B42640E5ED00DAD616 /* baseballTests */ = {
			isa = PBXNativeTarget;
			buildConfigurationList = B04466CC2640E5ED00DAD616 /* Build configuration list for PBXNativeTarget "baseballTests" */;
			buildPhases = (
				A33ECBFFE49733387298238F /* [CP] Check Pods Manifest.lock */,
				B04466B12640E5ED00DAD616 /* Sources */,
				B04466B22640E5ED00DAD616 /* Frameworks */,
				B04466B32640E5ED00DAD616 /* Resources */,
			);
			buildRules = (
			);
			dependencies = (
				B04466B72640E5ED00DAD616 /* PBXTargetDependency */,
			);
			name = baseballTests;
			productName = baseballTests;
			productReference = B04466B52640E5ED00DAD616 /* baseballTests.xctest */;
			productType = "com.apple.product-type.bundle.unit-test";
		};
		B04466BF2640E5ED00DAD616 /* baseballUITests */ = {
			isa = PBXNativeTarget;
			buildConfigurationList = B04466CF2640E5ED00DAD616 /* Build configuration list for PBXNativeTarget "baseballUITests" */;
			buildPhases = (
				A15599627302DDD3D3AA2733 /* [CP] Check Pods Manifest.lock */,
				B04466BC2640E5ED00DAD616 /* Sources */,
				B04466BD2640E5ED00DAD616 /* Frameworks */,
				B04466BE2640E5ED00DAD616 /* Resources */,
				39C22035A9AF490C6F26118C /* [CP] Embed Pods Frameworks */,
			);
			buildRules = (
			);
			dependencies = (
				B04466C22640E5ED00DAD616 /* PBXTargetDependency */,
			);
			name = baseballUITests;
			productName = baseballUITests;
			productReference = B04466C02640E5ED00DAD616 /* baseballUITests.xctest */;
			productType = "com.apple.product-type.bundle.ui-testing";
		};
/* End PBXNativeTarget section */

/* Begin PBXProject section */
		B04466972640E5E800DAD616 /* Project object */ = {
			isa = PBXProject;
			attributes = {
				LastSwiftUpdateCheck = 1240;
				LastUpgradeCheck = 1240;
				TargetAttributes = {
					B044669E2640E5E800DAD616 = {
						CreatedOnToolsVersion = 12.4;
					};
					B04466B42640E5ED00DAD616 = {
						CreatedOnToolsVersion = 12.4;
						TestTargetID = B044669E2640E5E800DAD616;
					};
					B04466BF2640E5ED00DAD616 = {
						CreatedOnToolsVersion = 12.4;
						TestTargetID = B044669E2640E5E800DAD616;
					};
				};
			};
			buildConfigurationList = B044669A2640E5E800DAD616 /* Build configuration list for PBXProject "baseball" */;
			compatibilityVersion = "Xcode 9.3";
			developmentRegion = en;
			hasScannedForEncodings = 0;
			knownRegions = (
				en,
				Base,
			);
			mainGroup = B04466962640E5E800DAD616;
			productRefGroup = B04466A02640E5E800DAD616 /* Products */;
			projectDirPath = "";
			projectRoot = "";
			targets = (
				B044669E2640E5E800DAD616 /* baseball */,
				B04466B42640E5ED00DAD616 /* baseballTests */,
				B04466BF2640E5ED00DAD616 /* baseballUITests */,
			);
		};
/* End PBXProject section */

/* Begin PBXResourcesBuildPhase section */
		B044669D2640E5E800DAD616 /* Resources */ = {
			isa = PBXResourcesBuildPhase;
			buildActionMask = 2147483647;
			files = (
				B04466AF2640E5EC00DAD616 /* LaunchScreen.storyboard in Resources */,
				B04466AC2640E5EC00DAD616 /* Assets.xcassets in Resources */,
				B04466AA2640E5E900DAD616 /* Main.storyboard in Resources */,
			);
			runOnlyForDeploymentPostprocessing = 0;
		};
		B04466B32640E5ED00DAD616 /* Resources */ = {
			isa = PBXResourcesBuildPhase;
			buildActionMask = 2147483647;
			files = (
			);
			runOnlyForDeploymentPostprocessing = 0;
		};
		B04466BE2640E5ED00DAD616 /* Resources */ = {
			isa = PBXResourcesBuildPhase;
			buildActionMask = 2147483647;
			files = (
			);
			runOnlyForDeploymentPostprocessing = 0;
		};
/* End PBXResourcesBuildPhase section */

/* Begin PBXShellScriptBuildPhase section */
		39C22035A9AF490C6F26118C /* [CP] Embed Pods Frameworks */ = {
			isa = PBXShellScriptBuildPhase;
			buildActionMask = 2147483647;
			files = (
			);
			inputFileListPaths = (
				"${PODS_ROOT}/Target Support Files/Pods-baseball-baseballUITests/Pods-baseball-baseballUITests-frameworks-${CONFIGURATION}-input-files.xcfilelist",
			);
			name = "[CP] Embed Pods Frameworks";
			outputFileListPaths = (
				"${PODS_ROOT}/Target Support Files/Pods-baseball-baseballUITests/Pods-baseball-baseballUITests-frameworks-${CONFIGURATION}-output-files.xcfilelist",
			);
			runOnlyForDeploymentPostprocessing = 0;
			shellPath = /bin/sh;
			shellScript = "\"${PODS_ROOT}/Target Support Files/Pods-baseball-baseballUITests/Pods-baseball-baseballUITests-frameworks.sh\"\n";
			showEnvVarsInLog = 0;
		};
		70ED1EB039C3869E0A44D87F /* [CP] Check Pods Manifest.lock */ = {
			isa = PBXShellScriptBuildPhase;
			buildActionMask = 2147483647;
			files = (
			);
			inputFileListPaths = (
			);
			inputPaths = (
				"${PODS_PODFILE_DIR_PATH}/Podfile.lock",
				"${PODS_ROOT}/Manifest.lock",
			);
			name = "[CP] Check Pods Manifest.lock";
			outputFileListPaths = (
			);
			outputPaths = (
				"$(DERIVED_FILE_DIR)/Pods-baseball-checkManifestLockResult.txt",
			);
			runOnlyForDeploymentPostprocessing = 0;
			shellPath = /bin/sh;
			shellScript = "diff \"${PODS_PODFILE_DIR_PATH}/Podfile.lock\" \"${PODS_ROOT}/Manifest.lock\" > /dev/null\nif [ $? != 0 ] ; then\n    # print error to STDERR\n    echo \"error: The sandbox is not in sync with the Podfile.lock. Run 'pod install' or update your CocoaPods installation.\" >&2\n    exit 1\nfi\n# This output is used by Xcode 'outputs' to avoid re-running this script phase.\necho \"SUCCESS\" > \"${SCRIPT_OUTPUT_FILE_0}\"\n";
			showEnvVarsInLog = 0;
		};
		A15599627302DDD3D3AA2733 /* [CP] Check Pods Manifest.lock */ = {
			isa = PBXShellScriptBuildPhase;
			buildActionMask = 2147483647;
			files = (
			);
			inputFileListPaths = (
			);
			inputPaths = (
				"${PODS_PODFILE_DIR_PATH}/Podfile.lock",
				"${PODS_ROOT}/Manifest.lock",
			);
			name = "[CP] Check Pods Manifest.lock";
			outputFileListPaths = (
			);
			outputPaths = (
				"$(DERIVED_FILE_DIR)/Pods-baseball-baseballUITests-checkManifestLockResult.txt",
			);
			runOnlyForDeploymentPostprocessing = 0;
			shellPath = /bin/sh;
			shellScript = "diff \"${PODS_PODFILE_DIR_PATH}/Podfile.lock\" \"${PODS_ROOT}/Manifest.lock\" > /dev/null\nif [ $? != 0 ] ; then\n    # print error to STDERR\n    echo \"error: The sandbox is not in sync with the Podfile.lock. Run 'pod install' or update your CocoaPods installation.\" >&2\n    exit 1\nfi\n# This output is used by Xcode 'outputs' to avoid re-running this script phase.\necho \"SUCCESS\" > \"${SCRIPT_OUTPUT_FILE_0}\"\n";
			showEnvVarsInLog = 0;
		};
		A33ECBFFE49733387298238F /* [CP] Check Pods Manifest.lock */ = {
			isa = PBXShellScriptBuildPhase;
			buildActionMask = 2147483647;
			files = (
			);
			inputFileListPaths = (
			);
			inputPaths = (
				"${PODS_PODFILE_DIR_PATH}/Podfile.lock",
				"${PODS_ROOT}/Manifest.lock",
			);
			name = "[CP] Check Pods Manifest.lock";
			outputFileListPaths = (
			);
			outputPaths = (
				"$(DERIVED_FILE_DIR)/Pods-baseballTests-checkManifestLockResult.txt",
			);
			runOnlyForDeploymentPostprocessing = 0;
			shellPath = /bin/sh;
			shellScript = "diff \"${PODS_PODFILE_DIR_PATH}/Podfile.lock\" \"${PODS_ROOT}/Manifest.lock\" > /dev/null\nif [ $? != 0 ] ; then\n    # print error to STDERR\n    echo \"error: The sandbox is not in sync with the Podfile.lock. Run 'pod install' or update your CocoaPods installation.\" >&2\n    exit 1\nfi\n# This output is used by Xcode 'outputs' to avoid re-running this script phase.\necho \"SUCCESS\" > \"${SCRIPT_OUTPUT_FILE_0}\"\n";
			showEnvVarsInLog = 0;
		};
		BE3D72A8B20C8B555826E1E0 /* [CP] Embed Pods Frameworks */ = {
			isa = PBXShellScriptBuildPhase;
			buildActionMask = 2147483647;
			files = (
			);
			inputFileListPaths = (
				"${PODS_ROOT}/Target Support Files/Pods-baseball/Pods-baseball-frameworks-${CONFIGURATION}-input-files.xcfilelist",
			);
			name = "[CP] Embed Pods Frameworks";
			outputFileListPaths = (
				"${PODS_ROOT}/Target Support Files/Pods-baseball/Pods-baseball-frameworks-${CONFIGURATION}-output-files.xcfilelist",
			);
			runOnlyForDeploymentPostprocessing = 0;
			shellPath = /bin/sh;
			shellScript = "\"${PODS_ROOT}/Target Support Files/Pods-baseball/Pods-baseball-frameworks.sh\"\n";
			showEnvVarsInLog = 0;
		};
/* End PBXShellScriptBuildPhase section */

/* Begin PBXSourcesBuildPhase section */
		B044669B2640E5E800DAD616 /* Sources */ = {
			isa = PBXSourcesBuildPhase;
			buildActionMask = 2147483647;
			files = (
				B04466A72640E5E900DAD616 /* ViewController.swift in Sources */,
				B04466A32640E5E900DAD616 /* AppDelegate.swift in Sources */,
				B04466A52640E5E900DAD616 /* SceneDelegate.swift in Sources */,
			);
			runOnlyForDeploymentPostprocessing = 0;
		};
		B04466B12640E5ED00DAD616 /* Sources */ = {
			isa = PBXSourcesBuildPhase;
			buildActionMask = 2147483647;
			files = (
				B04466BA2640E5ED00DAD616 /* baseballTests.swift in Sources */,
			);
			runOnlyForDeploymentPostprocessing = 0;
		};
		B04466BC2640E5ED00DAD616 /* Sources */ = {
			isa = PBXSourcesBuildPhase;
			buildActionMask = 2147483647;
			files = (
				B04466C52640E5ED00DAD616 /* baseballUITests.swift in Sources */,
			);
			runOnlyForDeploymentPostprocessing = 0;
		};
/* End PBXSourcesBuildPhase section */

/* Begin PBXTargetDependency section */
		B04466B72640E5ED00DAD616 /* PBXTargetDependency */ = {
			isa = PBXTargetDependency;
			target = B044669E2640E5E800DAD616 /* baseball */;
			targetProxy = B04466B62640E5ED00DAD616 /* PBXContainerItemProxy */;
		};
		B04466C22640E5ED00DAD616 /* PBXTargetDependency */ = {
			isa = PBXTargetDependency;
			target = B044669E2640E5E800DAD616 /* baseball */;
			targetProxy = B04466C12640E5ED00DAD616 /* PBXContainerItemProxy */;
		};
/* End PBXTargetDependency section */

/* Begin PBXVariantGroup section */
		B04466A82640E5E900DAD616 /* Main.storyboard */ = {
			isa = PBXVariantGroup;
			children = (
				B04466A92640E5E900DAD616 /* Base */,
			);
			name = Main.storyboard;
			sourceTree = "<group>";
		};
		B04466AD2640E5EC00DAD616 /* LaunchScreen.storyboard */ = {
			isa = PBXVariantGroup;
			children = (
				B04466AE2640E5EC00DAD616 /* Base */,
			);
			name = LaunchScreen.storyboard;
			sourceTree = "<group>";
		};
/* End PBXVariantGroup section */

/* Begin XCBuildConfiguration section */
		B04466C72640E5ED00DAD616 /* Debug */ = {
			isa = XCBuildConfiguration;
			buildSettings = {
				ALWAYS_SEARCH_USER_PATHS = NO;
				CLANG_ANALYZER_NONNULL = YES;
				CLANG_ANALYZER_NUMBER_OBJECT_CONVERSION = YES_AGGRESSIVE;
				CLANG_CXX_LANGUAGE_STANDARD = "gnu++14";
				CLANG_CXX_LIBRARY = "libc++";
				CLANG_ENABLE_MODULES = YES;
				CLANG_ENABLE_OBJC_ARC = YES;
				CLANG_ENABLE_OBJC_WEAK = YES;
				CLANG_WARN_BLOCK_CAPTURE_AUTORELEASING = YES;
				CLANG_WARN_BOOL_CONVERSION = YES;
				CLANG_WARN_COMMA = YES;
				CLANG_WARN_CONSTANT_CONVERSION = YES;
				CLANG_WARN_DEPRECATED_OBJC_IMPLEMENTATIONS = YES;
				CLANG_WARN_DIRECT_OBJC_ISA_USAGE = YES_ERROR;
				CLANG_WARN_DOCUMENTATION_COMMENTS = YES;
				CLANG_WARN_EMPTY_BODY = YES;
				CLANG_WARN_ENUM_CONVERSION = YES;
				CLANG_WARN_INFINITE_RECURSION = YES;
				CLANG_WARN_INT_CONVERSION = YES;
				CLANG_WARN_NON_LITERAL_NULL_CONVERSION = YES;
				CLANG_WARN_OBJC_IMPLICIT_RETAIN_SELF = YES;
				CLANG_WARN_OBJC_LITERAL_CONVERSION = YES;
				CLANG_WARN_OBJC_ROOT_CLASS = YES_ERROR;
				CLANG_WARN_QUOTED_INCLUDE_IN_FRAMEWORK_HEADER = YES;
				CLANG_WARN_RANGE_LOOP_ANALYSIS = YES;
				CLANG_WARN_STRICT_PROTOTYPES = YES;
				CLANG_WARN_SUSPICIOUS_MOVE = YES;
				CLANG_WARN_UNGUARDED_AVAILABILITY = YES_AGGRESSIVE;
				CLANG_WARN_UNREACHABLE_CODE = YES;
				CLANG_WARN__DUPLICATE_METHOD_MATCH = YES;
				COPY_PHASE_STRIP = NO;
				DEBUG_INFORMATION_FORMAT = dwarf;
				ENABLE_STRICT_OBJC_MSGSEND = YES;
				ENABLE_TESTABILITY = YES;
				GCC_C_LANGUAGE_STANDARD = gnu11;
				GCC_DYNAMIC_NO_PIC = NO;
				GCC_NO_COMMON_BLOCKS = YES;
				GCC_OPTIMIZATION_LEVEL = 0;
				GCC_PREPROCESSOR_DEFINITIONS = (
					"DEBUG=1",
					"$(inherited)",
				);
				GCC_WARN_64_TO_32_BIT_CONVERSION = YES;
				GCC_WARN_ABOUT_RETURN_TYPE = YES_ERROR;
				GCC_WARN_UNDECLARED_SELECTOR = YES;
				GCC_WARN_UNINITIALIZED_AUTOS = YES_AGGRESSIVE;
				GCC_WARN_UNUSED_FUNCTION = YES;
				GCC_WARN_UNUSED_VARIABLE = YES;
				IPHONEOS_DEPLOYMENT_TARGET = 14.4;
				MTL_ENABLE_DEBUG_INFO = INCLUDE_SOURCE;
				MTL_FAST_MATH = YES;
				ONLY_ACTIVE_ARCH = YES;
				SDKROOT = iphoneos;
				SWIFT_ACTIVE_COMPILATION_CONDITIONS = DEBUG;
				SWIFT_OPTIMIZATION_LEVEL = "-Onone";
			};
			name = Debug;
		};
		B04466C82640E5ED00DAD616 /* Release */ = {
			isa = XCBuildConfiguration;
			buildSettings = {
				ALWAYS_SEARCH_USER_PATHS = NO;
				CLANG_ANALYZER_NONNULL = YES;
				CLANG_ANALYZER_NUMBER_OBJECT_CONVERSION = YES_AGGRESSIVE;
				CLANG_CXX_LANGUAGE_STANDARD = "gnu++14";
				CLANG_CXX_LIBRARY = "libc++";
				CLANG_ENABLE_MODULES = YES;
				CLANG_ENABLE_OBJC_ARC = YES;
				CLANG_ENABLE_OBJC_WEAK = YES;
				CLANG_WARN_BLOCK_CAPTURE_AUTORELEASING = YES;
				CLANG_WARN_BOOL_CONVERSION = YES;
				CLANG_WARN_COMMA = YES;
				CLANG_WARN_CONSTANT_CONVERSION = YES;
				CLANG_WARN_DEPRECATED_OBJC_IMPLEMENTATIONS = YES;
				CLANG_WARN_DIRECT_OBJC_ISA_USAGE = YES_ERROR;
				CLANG_WARN_DOCUMENTATION_COMMENTS = YES;
				CLANG_WARN_EMPTY_BODY = YES;
				CLANG_WARN_ENUM_CONVERSION = YES;
				CLANG_WARN_INFINITE_RECURSION = YES;
				CLANG_WARN_INT_CONVERSION = YES;
				CLANG_WARN_NON_LITERAL_NULL_CONVERSION = YES;
				CLANG_WARN_OBJC_IMPLICIT_RETAIN_SELF = YES;
				CLANG_WARN_OBJC_LITERAL_CONVERSION = YES;
				CLANG_WARN_OBJC_ROOT_CLASS = YES_ERROR;
				CLANG_WARN_QUOTED_INCLUDE_IN_FRAMEWORK_HEADER = YES;
				CLANG_WARN_RANGE_LOOP_ANALYSIS = YES;
				CLANG_WARN_STRICT_PROTOTYPES = YES;
				CLANG_WARN_SUSPICIOUS_MOVE = YES;
				CLANG_WARN_UNGUARDED_AVAILABILITY = YES_AGGRESSIVE;
				CLANG_WARN_UNREACHABLE_CODE = YES;
				CLANG_WARN__DUPLICATE_METHOD_MATCH = YES;
				COPY_PHASE_STRIP = NO;
				DEBUG_INFORMATION_FORMAT = "dwarf-with-dsym";
				ENABLE_NS_ASSERTIONS = NO;
				ENABLE_STRICT_OBJC_MSGSEND = YES;
				GCC_C_LANGUAGE_STANDARD = gnu11;
				GCC_NO_COMMON_BLOCKS = YES;
				GCC_WARN_64_TO_32_BIT_CONVERSION = YES;
				GCC_WARN_ABOUT_RETURN_TYPE = YES_ERROR;
				GCC_WARN_UNDECLARED_SELECTOR = YES;
				GCC_WARN_UNINITIALIZED_AUTOS = YES_AGGRESSIVE;
				GCC_WARN_UNUSED_FUNCTION = YES;
				GCC_WARN_UNUSED_VARIABLE = YES;
				IPHONEOS_DEPLOYMENT_TARGET = 14.4;
				MTL_ENABLE_DEBUG_INFO = NO;
				MTL_FAST_MATH = YES;
				SDKROOT = iphoneos;
				SWIFT_COMPILATION_MODE = wholemodule;
				SWIFT_OPTIMIZATION_LEVEL = "-O";
				VALIDATE_PRODUCT = YES;
			};
			name = Release;
		};
		B04466CA2640E5ED00DAD616 /* Debug */ = {
			isa = XCBuildConfiguration;
			baseConfigurationReference = E4680C9E99A652AD80A2C541 /* Pods-baseball.debug.xcconfig */;
			buildSettings = {
				ASSETCATALOG_COMPILER_APPICON_NAME = AppIcon;
				ASSETCATALOG_COMPILER_GLOBAL_ACCENT_COLOR_NAME = AccentColor;
				CODE_SIGN_STYLE = Automatic;
				DEVELOPMENT_TEAM = PSH4C5839A;
				INFOPLIST_FILE = baseball/Info.plist;
				LD_RUNPATH_SEARCH_PATHS = (
					"$(inherited)",
					"@executable_path/Frameworks",
				);
				PRODUCT_BUNDLE_IDENTIFIER = "com.Dahun-Lee.baseball";
				PRODUCT_NAME = "$(TARGET_NAME)";
				SWIFT_VERSION = 5.0;
				TARGETED_DEVICE_FAMILY = "1,2";
			};
			name = Debug;
		};
		B04466CB2640E5ED00DAD616 /* Release */ = {
			isa = XCBuildConfiguration;
			baseConfigurationReference = FED3A0E82A012C3E1322027A /* Pods-baseball.release.xcconfig */;
			buildSettings = {
				ASSETCATALOG_COMPILER_APPICON_NAME = AppIcon;
				ASSETCATALOG_COMPILER_GLOBAL_ACCENT_COLOR_NAME = AccentColor;
				CODE_SIGN_STYLE = Automatic;
				DEVELOPMENT_TEAM = PSH4C5839A;
				INFOPLIST_FILE = baseball/Info.plist;
				LD_RUNPATH_SEARCH_PATHS = (
					"$(inherited)",
					"@executable_path/Frameworks",
				);
				PRODUCT_BUNDLE_IDENTIFIER = "com.Dahun-Lee.baseball";
				PRODUCT_NAME = "$(TARGET_NAME)";
				SWIFT_VERSION = 5.0;
				TARGETED_DEVICE_FAMILY = "1,2";
			};
			name = Release;
		};
		B04466CD2640E5ED00DAD616 /* Debug */ = {
			isa = XCBuildConfiguration;
			baseConfigurationReference = F3555AC89D682BE9F52FCD8E /* Pods-baseballTests.debug.xcconfig */;
			buildSettings = {
				ALWAYS_EMBED_SWIFT_STANDARD_LIBRARIES = YES;
				BUNDLE_LOADER = "$(TEST_HOST)";
				CODE_SIGN_STYLE = Automatic;
				DEVELOPMENT_TEAM = PSH4C5839A;
				INFOPLIST_FILE = baseballTests/Info.plist;
				IPHONEOS_DEPLOYMENT_TARGET = 14.4;
				LD_RUNPATH_SEARCH_PATHS = (
					"$(inherited)",
					"@executable_path/Frameworks",
					"@loader_path/Frameworks",
				);
				PRODUCT_BUNDLE_IDENTIFIER = "com.Dahun-Lee.baseballTests";
				PRODUCT_NAME = "$(TARGET_NAME)";
				SWIFT_VERSION = 5.0;
				TARGETED_DEVICE_FAMILY = "1,2";
				TEST_HOST = "$(BUILT_PRODUCTS_DIR)/baseball.app/baseball";
			};
			name = Debug;
		};
		B04466CE2640E5ED00DAD616 /* Release */ = {
			isa = XCBuildConfiguration;
			baseConfigurationReference = 4BDBB051FC8E4811F2545721 /* Pods-baseballTests.release.xcconfig */;
			buildSettings = {
				ALWAYS_EMBED_SWIFT_STANDARD_LIBRARIES = YES;
				BUNDLE_LOADER = "$(TEST_HOST)";
				CODE_SIGN_STYLE = Automatic;
				DEVELOPMENT_TEAM = PSH4C5839A;
				INFOPLIST_FILE = baseballTests/Info.plist;
				IPHONEOS_DEPLOYMENT_TARGET = 14.4;
				LD_RUNPATH_SEARCH_PATHS = (
					"$(inherited)",
					"@executable_path/Frameworks",
					"@loader_path/Frameworks",
				);
				PRODUCT_BUNDLE_IDENTIFIER = "com.Dahun-Lee.baseballTests";
				PRODUCT_NAME = "$(TARGET_NAME)";
				SWIFT_VERSION = 5.0;
				TARGETED_DEVICE_FAMILY = "1,2";
				TEST_HOST = "$(BUILT_PRODUCTS_DIR)/baseball.app/baseball";
			};
			name = Release;
		};
		B04466D02640E5ED00DAD616 /* Debug */ = {
			isa = XCBuildConfiguration;
			baseConfigurationReference = 5674BCB0BA322557A1D973E6 /* Pods-baseball-baseballUITests.debug.xcconfig */;
			buildSettings = {
				ALWAYS_EMBED_SWIFT_STANDARD_LIBRARIES = YES;
				CODE_SIGN_STYLE = Automatic;
				DEVELOPMENT_TEAM = PSH4C5839A;
				INFOPLIST_FILE = baseballUITests/Info.plist;
				LD_RUNPATH_SEARCH_PATHS = (
					"$(inherited)",
					"@executable_path/Frameworks",
					"@loader_path/Frameworks",
				);
				PRODUCT_BUNDLE_IDENTIFIER = "com.Dahun-Lee.baseballUITests";
				PRODUCT_NAME = "$(TARGET_NAME)";
				SWIFT_VERSION = 5.0;
				TARGETED_DEVICE_FAMILY = "1,2";
				TEST_TARGET_NAME = baseball;
			};
			name = Debug;
		};
		B04466D12640E5ED00DAD616 /* Release */ = {
			isa = XCBuildConfiguration;
			baseConfigurationReference = 442DC7C6AE6F599560810BBC /* Pods-baseball-baseballUITests.release.xcconfig */;
			buildSettings = {
				ALWAYS_EMBED_SWIFT_STANDARD_LIBRARIES = YES;
				CODE_SIGN_STYLE = Automatic;
				DEVELOPMENT_TEAM = PSH4C5839A;
				INFOPLIST_FILE = baseballUITests/Info.plist;
				LD_RUNPATH_SEARCH_PATHS = (
					"$(inherited)",
					"@executable_path/Frameworks",
					"@loader_path/Frameworks",
				);
				PRODUCT_BUNDLE_IDENTIFIER = "com.Dahun-Lee.baseballUITests";
				PRODUCT_NAME = "$(TARGET_NAME)";
				SWIFT_VERSION = 5.0;
				TARGETED_DEVICE_FAMILY = "1,2";
				TEST_TARGET_NAME = baseball;
			};
			name = Release;
		};
/* End XCBuildConfiguration section */

/* Begin XCConfigurationList section */
		B044669A2640E5E800DAD616 /* Build configuration list for PBXProject "baseball" */ = {
			isa = XCConfigurationList;
			buildConfigurations = (
				B04466C72640E5ED00DAD616 /* Debug */,
				B04466C82640E5ED00DAD616 /* Release */,
			);
			defaultConfigurationIsVisible = 0;
			defaultConfigurationName = Release;
		};
		B04466C92640E5ED00DAD616 /* Build configuration list for PBXNativeTarget "baseball" */ = {
			isa = XCConfigurationList;
			buildConfigurations = (
				B04466CA2640E5ED00DAD616 /* Debug */,
				B04466CB2640E5ED00DAD616 /* Release */,
			);
			defaultConfigurationIsVisible = 0;
			defaultConfigurationName = Release;
		};
		B04466CC2640E5ED00DAD616 /* Build configuration list for PBXNativeTarget "baseballTests" */ = {
			isa = XCConfigurationList;
			buildConfigurations = (
				B04466CD2640E5ED00DAD616 /* Debug */,
				B04466CE2640E5ED00DAD616 /* Release */,
			);
			defaultConfigurationIsVisible = 0;
			defaultConfigurationName = Release;
		};
		B04466CF2640E5ED00DAD616 /* Build configuration list for PBXNativeTarget "baseballUITests" */ = {
			isa = XCConfigurationList;
			buildConfigurations = (
				B04466D02640E5ED00DAD616 /* Debug */,
				B04466D12640E5ED00DAD616 /* Release */,
			);
			defaultConfigurationIsVisible = 0;
			defaultConfigurationName = Release;
		};
/* End XCConfigurationList section */
	};
	rootObject = B04466972640E5E800DAD616 /* Project object */;
}
